# This file is autogenerated, do not edit; changes may be undone by the next 'dep ensure'.


[[projects]]
  name = "github.com/sirupsen/logrus"
  packages = ["."]
  revision = "d682213848ed68c0a260ca37d6dd5ace8423f5ba"
  version = "v1.0.4"

[[projects]]
  branch = "master"
  name = "golang.org/x/crypto"
  packages = ["ssh/terminal"]
  revision = "1875d0a70c90e57f11972aefd42276df65e895b9"

[[projects]]
  branch = "master"
  name = "golang.org/x/sys"
  packages = [
    "unix",
    "windows"
  ]
  revision = "8f27ce8a604014414f8dfffc25cbcde83a3f2216"

[[projects]]
  branch = "v2"
  name = "gopkg.in/yaml.v2"
  packages = ["."]
  revision = "d670f9405373e636a5a2765eea47fac0c9bc91a4"

[[projects]]
  branch = "master"
  name = "source.pztrn.name/golibs/flagger"
  packages = ["."]
  revision = "c9b4726e1787adb01126cdf9a7932e2bccbb51a7"

[[projects]]
  branch = "master"
  name = "source.pztrn.name/golibs/mogrus"
  packages = ["."]
  revision = "2e3a9d38c8e4b0036f714f88ef0fe9fc14b4c6b8"

[solve-meta]
  analyzer-name = "dep"
  analyzer-version = 1
  inputs-digest = "2b99cf1ed594e6ce9e2bc8bf1be8cbe0018db897ef6dc6c3e59ae5030099ef48"
  solver-name = "gps-cdcl"
  solver-version = 1
