# This file is autogenerated, do not edit; changes may be undone by the next 'dep ensure'.


[[projects]]
  digest = "1:6a874e3ddfb9db2b42bd8c85b6875407c702fa868eed20634ff489bc896ccfd3"
  name = "github.com/konsorten/go-windows-terminal-sequences"
  packages = ["."]
  pruneopts = ""
  revision = "5c8c8bd35d3832f5d134ae1e1e375b69a4d25242"
  version = "v1.0.1"

[[projects]]
  branch = "master"
  digest = "1:58942e5575baa224511b2cdda65b643bae65cea4e205a779198072205b9d91f7"
  name = "github.com/pztrn/mogrus"
  packages = ["."]
  pruneopts = ""
  revision = "2d9bba232129a20da87a9a9ab404b0f33c218622"

[[projects]]
  digest = "1:9a3c631555e0351fdc4e696577bb63afd90c399d782a8462dba9d100d7021db3"
  name = "github.com/sirupsen/logrus"
  packages = ["."]
  pruneopts = ""
  revision = "e1e72e9de974bd926e5c56f83753fba2df402ce5"
  version = "v1.3.0"

[[projects]]
  branch = "master"
  digest = "1:e08724b3e77d1ce400cff5185a4532f01cacc8059dd5a619fdf4a91e79374dfa"
  name = "gitlab.com/pztrn/flagger"
  packages = ["."]
  pruneopts = ""
  revision = "d429d7149cc92b7eaa7c98ab3d80b6d5c2e44046"

[[projects]]
  branch = "master"
  digest = "1:d0f4eb7abce3fbd3f0dcbbc03ffe18464846afd34c815928d2ae11c1e5aded04"
  name = "golang.org/x/crypto"
  packages = ["ssh/terminal"]
  pruneopts = ""
  revision = "ffb98f73852f696ea2bb21a617a5c4b3e067a439"

[[projects]]
  branch = "master"
  digest = "1:d8c7c5e28d31494f02b25867de6827adaa90005f0ff3407f3336751fc0bc7432"
  name = "golang.org/x/sys"
  packages = [
    "unix",
    "windows",
  ]
  pruneopts = ""
  revision = "cc5685c2db1239775905f3911f0067c0fa74762f"

[[projects]]
  branch = "v2"
  digest = "1:cedccf16b71e86db87a24f8d4c70b0a855872eb967cb906a66b95de56aefbd0d"
  name = "gopkg.in/yaml.v2"
  packages = ["."]
  pruneopts = ""
  revision = "51d6538a90f86fe93ac480b35f37b2be17fef232"

[solve-meta]
  analyzer-name = "dep"
  analyzer-version = 1
  input-imports = [
    "github.com/pztrn/mogrus",
    "gitlab.com/pztrn/flagger",
    "gopkg.in/yaml.v2",
  ]
  solver-name = "gps-cdcl"
  solver-version = 1
